
Microsoft Visual Studio Solution File, Format Version 12.00
# Visual Studio 2013
VisualStudioVersion = 12.0.31101.0
MinimumVisualStudioVersion = 10.0.40219.1
Project("{FAE04EC0-301F-11D3-BF4B-00C04F79EFBC}") = "CosmeticsShop", "CosmeticsShop\CosmeticsShop.csproj", "{6B7EDC67-DB7A-4521-9623-2D26E2123A65}"
EndProject
Project("{FAE04EC0-301F-11D3-BF4B-00C04F79EFBC}") = "EstateAgency", "EstateAgency\EstateAgency.csproj", "{47DAF1EA-CB17-400C-AFD7-0B7C9AFBCE62}"
EndProject
Project("{FAE04EC0-301F-11D3-BF4B-00C04F79EFBC}") = "Restaurant", "Restaurant\Restaurant.csproj", "{A2DDE941-0428-4A7D-AAC5-E37088A07486}"
EndProject
Project("{FAE04EC0-301F-11D3-BF4B-00C04F79EFBC}") = "Empires", "Empires\Empires.csproj", "{7748DBD7-AC2A-4C9A-9D20-16834F8D69F3}"
EndProject
Global
	GlobalSection(SolutionConfigurationPlatforms) = preSolution
		Debug|Any CPU = Debug|Any CPU
		Release|Any CPU = Release|Any CPU
	EndGlobalSection
	GlobalSection(ProjectConfigurationPlatforms) = postSolution
		{6B7EDC67-DB7A-4521-9623-2D26E2123A65}.Debug|Any CPU.ActiveCfg = Debug|Any CPU
		{6B7EDC67-DB7A-4521-9623-2D26E2123A65}.Debug|Any CPU.Build.0 = Debug|Any CPU
		{6B7EDC67-DB7A-4521-9623-2D26E2123A65}.Release|Any CPU.ActiveCfg = Release|Any CPU
		{6B7EDC67-DB7A-4521-9623-2D26E2123A65}.Release|Any CPU.Build.0 = Release|Any CPU
		{47DAF1EA-CB17-400C-AFD7-0B7C9AFBCE62}.Debug|Any CPU.ActiveCfg = Debug|Any CPU
		{47DAF1EA-CB17-400C-AFD7-0B7C9AFBCE62}.Debug|Any CPU.Build.0 = Debug|Any CPU
		{47DAF1EA-CB17-400C-AFD7-0B7C9AFBCE62}.Release|Any CPU.ActiveCfg = Release|Any CPU
		{47DAF1EA-CB17-400C-AFD7-0B7C9AFBCE62}.Release|Any CPU.Build.0 = Release|Any CPU
		{A2DDE941-0428-4A7D-AAC5-E37088A07486}.Debug|Any CPU.ActiveCfg = Debug|Any CPU
		{A2DDE941-0428-4A7D-AAC5-E37088A07486}.Debug|Any CPU.Build.0 = Debug|Any CPU
		{A2DDE941-0428-4A7D-AAC5-E37088A07486}.Release|Any CPU.ActiveCfg = Release|Any CPU
		{A2DDE941-0428-4A7D-AAC5-E37088A07486}.Release|Any CPU.Build.0 = Release|Any CPU
		{7748DBD7-AC2A-4C9A-9D20-16834F8D69F3}.Debug|Any CPU.ActiveCfg = Debug|Any CPU
		{7748DBD7-AC2A-4C9A-9D20-16834F8D69F3}.Debug|Any CPU.Build.0 = Debug|Any CPU
		{7748DBD7-AC2A-4C9A-9D20-16834F8D69F3}.Release|Any CPU.ActiveCfg = Release|Any CPU
		{7748DBD7-AC2A-4C9A-9D20-16834F8D69F3}.Release|Any CPU.Build.0 = Release|Any CPU
	EndGlobalSection
	GlobalSection(SolutionProperties) = preSolution
		HideSolutionNode = FALSE
	EndGlobalSection
EndGlobal
